
Microsoft Visual Studio Solution File, Format Version 12.00
# Visual Studio Version 17
VisualStudioVersion = 17.3.32825.248
MinimumVisualStudioVersion = 10.0.40219.1
Project("{FAE04EC0-301F-11D3-BF4B-00C04F79EFBC}") = "Project", "Project.csproj", "{86487BA9-F184-4BD7-BB08-2D29A0AC35E2}"
EndProject
Global
	GlobalSection(SolutionConfigurationPlatforms) = preSolution
		Debug|Any CPU = Debug|Any CPU
		Release|Any CPU = Release|Any CPU
	EndGlobalSection
	GlobalSection(ProjectConfigurationPlatforms) = postSolution
		{86487BA9-F184-4BD7-BB08-2D29A0AC35E2}.Debug|Any CPU.ActiveCfg = Debug|Any CPU
		{86487BA9-F184-4BD7-BB08-2D29A0AC35E2}.Debug|Any CPU.Build.0 = Debug|Any CPU
		{86487BA9-F184-4BD7-BB08-2D29A0AC35E2}.Release|Any CPU.ActiveCfg = Release|Any CPU
		{86487BA9-F184-4BD7-BB08-2D29A0AC35E2}.Release|Any CPU.Build.0 = Release|Any CPU
	EndGlobalSection
	GlobalSection(SolutionProperties) = preSolution
		HideSolutionNode = FALSE
	EndGlobalSection
	GlobalSection(ExtensibilityGlobals) = postSolution
		SolutionGuid = {70800822-62AC-498F-BC55-AC77D1787468}
	EndGlobalSection
EndGlobal
